// !$*UTF8*$!
{
	archiveVersion = 1;
	classes = {
	};
	objectVersion = 52;
	objects = {

/* Begin PBXBuildFile section */
		E5C4749325263DF400ACD1AE /* RxSwift in Frameworks */ = {isa = PBXBuildFile; productRef = E5C4749225263DF400ACD1AE /* RxSwift */; };
		E5C4749525263DF400ACD1AE /* RxCocoa in Frameworks */ = {isa = PBXBuildFile; productRef = E5C4749425263DF400ACD1AE /* RxCocoa */; };
		E5D958F3252099CC00F420E9 /* AppDelegate.swift in Sources */ = {isa = PBXBuildFile; fileRef = E5D958F2252099CC00F420E9 /* AppDelegate.swift */; };
		E5D958F5252099CC00F420E9 /* SceneDelegate.swift in Sources */ = {isa = PBXBuildFile; fileRef = E5D958F4252099CC00F420E9 /* SceneDelegate.swift */; };
		E5D958F7252099CC00F420E9 /* QRCodeScannerViewController.swift in Sources */ = {isa = PBXBuildFile; fileRef = E5D958F6252099CC00F420E9 /* QRCodeScannerViewController.swift */; };
		E5D958FD252099CC00F420E9 /* QRCodeScanner.xcdatamodeld in Sources */ = {isa = PBXBuildFile; fileRef = E5D958FB252099CC00F420E9 /* QRCodeScanner.xcdatamodeld */; };
		E5D958FF252099D200F420E9 /* Assets.xcassets in Resources */ = {isa = PBXBuildFile; fileRef = E5D958FE252099D200F420E9 /* Assets.xcassets */; };
		E5D95902252099D200F420E9 /* LaunchScreen.storyboard in Resources */ = {isa = PBXBuildFile; fileRef = E5D95900252099D200F420E9 /* LaunchScreen.storyboard */; };
		E5D9590E25209D9300F420E9 /* ImageLoaderError.swift in Sources */ = {isa = PBXBuildFile; fileRef = E5D9590A25209D9300F420E9 /* ImageLoaderError.swift */; };
		E5D9590F25209D9300F420E9 /* ImageLoader.swift in Sources */ = {isa = PBXBuildFile; fileRef = E5D9590B25209D9300F420E9 /* ImageLoader.swift */; };
		E5D9591025209D9300F420E9 /* GoogleImageResponse.swift in Sources */ = {isa = PBXBuildFile; fileRef = E5D9590D25209D9300F420E9 /* GoogleImageResponse.swift */; };
		E5D9592B2520A62800F420E9 /* ActionSheetViewController.swift in Sources */ = {isa = PBXBuildFile; fileRef = E5D959292520A62700F420E9 /* ActionSheetViewController.swift */; };
		E5D9592C2520A62800F420E9 /* ActionSheetPresentationController.swift in Sources */ = {isa = PBXBuildFile; fileRef = E5D9592A2520A62800F420E9 /* ActionSheetPresentationController.swift */; };
		E5D959312520A63D00F420E9 /* QRCodeDetailsViewController.swift in Sources */ = {isa = PBXBuildFile; fileRef = E5D9592F2520A63C00F420E9 /* QRCodeDetailsViewController.swift */; };
		E5D959322520A63D00F420E9 /* QRCodeDetailsViewController.xib in Resources */ = {isa = PBXBuildFile; fileRef = E5D959302520A63D00F420E9 /* QRCodeDetailsViewController.xib */; };
		E5D959342520A76700F420E9 /* Main.storyboard in Resources */ = {isa = PBXBuildFile; fileRef = E5D959332520A76700F420E9 /* Main.storyboard */; };
		E5D959362520AA2200F420E9 /* UIViewController+Additions.swift in Sources */ = {isa = PBXBuildFile; fileRef = E5D959352520AA2200F420E9 /* UIViewController+Additions.swift */; };
		E5D959392520D14B00F420E9 /* QRCodeCurrentDetailsViewModel.swift in Sources */ = {isa = PBXBuildFile; fileRef = E5D959382520D14B00F420E9 /* QRCodeCurrentDetailsViewModel.swift */; };
		E5D9593B2520DC5900F420E9 /* QRCodeDetailsViewModelProtocol.swift in Sources */ = {isa = PBXBuildFile; fileRef = E5D9593A2520DC5900F420E9 /* QRCodeDetailsViewModelProtocol.swift */; };
		E5D959412520F3CB00F420E9 /* ImageValidator.swift in Sources */ = {isa = PBXBuildFile; fileRef = E5D959402520F3CB00F420E9 /* ImageValidator.swift */; };
/* End PBXBuildFile section */

/* Begin PBXFileReference section */
		E5D958EF252099CC00F420E9 /* QRCodeScanner.app */ = {isa = PBXFileReference; explicitFileType = wrapper.application; includeInIndex = 0; path = QRCodeScanner.app; sourceTree = BUILT_PRODUCTS_DIR; };
		E5D958F2252099CC00F420E9 /* AppDelegate.swift */ = {isa = PBXFileReference; lastKnownFileType = sourcecode.swift; path = AppDelegate.swift; sourceTree = "<group>"; };
		E5D958F4252099CC00F420E9 /* SceneDelegate.swift */ = {isa = PBXFileReference; lastKnownFileType = sourcecode.swift; path = SceneDelegate.swift; sourceTree = "<group>"; };
		E5D958F6252099CC00F420E9 /* QRCodeScannerViewController.swift */ = {isa = PBXFileReference; lastKnownFileType = sourcecode.swift; path = QRCodeScannerViewController.swift; sourceTree = "<group>"; };
		E5D958FC252099CC00F420E9 /* QRCodeScanner.xcdatamodel */ = {isa = PBXFileReference; lastKnownFileType = wrapper.xcdatamodel; path = QRCodeScanner.xcdatamodel; sourceTree = "<group>"; };
		E5D958FE252099D200F420E9 /* Assets.xcassets */ = {isa = PBXFileReference; lastKnownFileType = folder.assetcatalog; path = Assets.xcassets; sourceTree = "<group>"; };
		E5D95901252099D200F420E9 /* Base */ = {isa = PBXFileReference; lastKnownFileType = file.storyboard; name = Base; path = Base.lproj/LaunchScreen.storyboard; sourceTree = "<group>"; };
		E5D95903252099D200F420E9 /* Info.plist */ = {isa = PBXFileReference; lastKnownFileType = text.plist.xml; path = Info.plist; sourceTree = "<group>"; };
		E5D9590A25209D9300F420E9 /* ImageLoaderError.swift */ = {isa = PBXFileReference; fileEncoding = 4; lastKnownFileType = sourcecode.swift; path = ImageLoaderError.swift; sourceTree = "<group>"; };
		E5D9590B25209D9300F420E9 /* ImageLoader.swift */ = {isa = PBXFileReference; fileEncoding = 4; lastKnownFileType = sourcecode.swift; path = ImageLoader.swift; sourceTree = "<group>"; };
		E5D9590D25209D9300F420E9 /* GoogleImageResponse.swift */ = {isa = PBXFileReference; fileEncoding = 4; lastKnownFileType = sourcecode.swift; path = GoogleImageResponse.swift; sourceTree = "<group>"; };
		E5D959292520A62700F420E9 /* ActionSheetViewController.swift */ = {isa = PBXFileReference; fileEncoding = 4; lastKnownFileType = sourcecode.swift; path = ActionSheetViewController.swift; sourceTree = "<group>"; };
		E5D9592A2520A62800F420E9 /* ActionSheetPresentationController.swift */ = {isa = PBXFileReference; fileEncoding = 4; lastKnownFileType = sourcecode.swift; path = ActionSheetPresentationController.swift; sourceTree = "<group>"; };
		E5D9592F2520A63C00F420E9 /* QRCodeDetailsViewController.swift */ = {isa = PBXFileReference; fileEncoding = 4; lastKnownFileType = sourcecode.swift; path = QRCodeDetailsViewController.swift; sourceTree = "<group>"; };
		E5D959302520A63D00F420E9 /* QRCodeDetailsViewController.xib */ = {isa = PBXFileReference; fileEncoding = 4; lastKnownFileType = file.xib; path = QRCodeDetailsViewController.xib; sourceTree = "<group>"; };
		E5D959332520A76700F420E9 /* Main.storyboard */ = {isa = PBXFileReference; fileEncoding = 4; lastKnownFileType = file.storyboard; path = Main.storyboard; sourceTree = "<group>"; };
		E5D959352520AA2200F420E9 /* UIViewController+Additions.swift */ = {isa = PBXFileReference; lastKnownFileType = sourcecode.swift; path = "UIViewController+Additions.swift"; sourceTree = "<group>"; };
		E5D959382520D14B00F420E9 /* QRCodeCurrentDetailsViewModel.swift */ = {isa = PBXFileReference; lastKnownFileType = sourcecode.swift; path = QRCodeCurrentDetailsViewModel.swift; sourceTree = "<group>"; };
		E5D9593A2520DC5900F420E9 /* QRCodeDetailsViewModelProtocol.swift */ = {isa = PBXFileReference; lastKnownFileType = sourcecode.swift; path = QRCodeDetailsViewModelProtocol.swift; sourceTree = "<group>"; };
		E5D959402520F3CB00F420E9 /* ImageValidator.swift */ = {isa = PBXFileReference; lastKnownFileType = sourcecode.swift; path = ImageValidator.swift; sourceTree = "<group>"; };
/* End PBXFileReference section */

/* Begin PBXFrameworksBuildPhase section */
		E5D958EC252099CC00F420E9 /* Frameworks */ = {
			isa = PBXFrameworksBuildPhase;
			buildActionMask = 2147483647;
			files = (
				E5C4749525263DF400ACD1AE /* RxCocoa in Frameworks */,
				E5C4749325263DF400ACD1AE /* RxSwift in Frameworks */,
			);
			runOnlyForDeploymentPostprocessing = 0;
		};
/* End PBXFrameworksBuildPhase section */

/* Begin PBXGroup section */
		E5D958E6252099CC00F420E9 = {
			isa = PBXGroup;
			children = (
				E5D958F1252099CC00F420E9 /* QRCodeScanner */,
				E5D958F0252099CC00F420E9 /* Products */,
			);
			sourceTree = "<group>";
		};
		E5D958F0252099CC00F420E9 /* Products */ = {
			isa = PBXGroup;
			children = (
				E5D958EF252099CC00F420E9 /* QRCodeScanner.app */,
			);
			name = Products;
			sourceTree = "<group>";
		};
		E5D958F1252099CC00F420E9 /* QRCodeScanner */ = {
			isa = PBXGroup;
			children = (
				E5D9591E2520A1D700F420E9 /* UI */,
				E5D9590925209D9300F420E9 /* API */,
				E5D958F2252099CC00F420E9 /* AppDelegate.swift */,
				E5D958F4252099CC00F420E9 /* SceneDelegate.swift */,
				E5D958FE252099D200F420E9 /* Assets.xcassets */,
				E5D95900252099D200F420E9 /* LaunchScreen.storyboard */,
				E5D95903252099D200F420E9 /* Info.plist */,
				E5D958FB252099CC00F420E9 /* QRCodeScanner.xcdatamodeld */,
			);
			path = QRCodeScanner;
			sourceTree = "<group>";
		};
		E5D9590925209D9300F420E9 /* API */ = {
			isa = PBXGroup;
			children = (
				E5D9590C25209D9300F420E9 /* Models */,
				E5D9590A25209D9300F420E9 /* ImageLoaderError.swift */,
				E5D9590B25209D9300F420E9 /* ImageLoader.swift */,
			);
			path = API;
			sourceTree = "<group>";
		};
		E5D9590C25209D9300F420E9 /* Models */ = {
			isa = PBXGroup;
			children = (
				E5D9590D25209D9300F420E9 /* GoogleImageResponse.swift */,
			);
			path = Models;
			sourceTree = "<group>";
		};
		E5D9591E2520A1D700F420E9 /* UI */ = {
			isa = PBXGroup;
			children = (
				E5D9593C2520DCBD00F420E9 /* ViewControllers */,
				E5D959372520D12B00F420E9 /* ViewModels */,
				E5D9593D2520DCE400F420E9 /* Common */,
			);
			path = UI;
			sourceTree = "<group>";
		};
		E5D9591F2520A20200F420E9 /* Extensions */ = {
			isa = PBXGroup;
			children = (
				E5D959352520AA2200F420E9 /* UIViewController+Additions.swift */,
			);
			path = Extensions;
			sourceTree = "<group>";
		};
		E5D959202520A21600F420E9 /* ActionSheet */ = {
			isa = PBXGroup;
			children = (
				E5D9592A2520A62800F420E9 /* ActionSheetPresentationController.swift */,
				E5D959292520A62700F420E9 /* ActionSheetViewController.swift */,
			);
			path = ActionSheet;
			sourceTree = "<group>";
		};
		E5D959372520D12B00F420E9 /* ViewModels */ = {
			isa = PBXGroup;
			children = (
				E5D9593A2520DC5900F420E9 /* QRCodeDetailsViewModelProtocol.swift */,
				E5D959382520D14B00F420E9 /* QRCodeCurrentDetailsViewModel.swift */,
			);
			path = ViewModels;
			sourceTree = "<group>";
		};
		E5D9593C2520DCBD00F420E9 /* ViewControllers */ = {
			isa = PBXGroup;
			children = (
				E5D9592F2520A63C00F420E9 /* QRCodeDetailsViewController.swift */,
				E5D959302520A63D00F420E9 /* QRCodeDetailsViewController.xib */,
				E5D958F6252099CC00F420E9 /* QRCodeScannerViewController.swift */,
				E5D959332520A76700F420E9 /* Main.storyboard */,
			);
			path = ViewControllers;
			sourceTree = "<group>";
		};
		E5D9593D2520DCE400F420E9 /* Common */ = {
			isa = PBXGroup;
			children = (
				E5D959202520A21600F420E9 /* ActionSheet */,
				E5D9591F2520A20200F420E9 /* Extensions */,
				E5D959402520F3CB00F420E9 /* ImageValidator.swift */,
			);
			path = Common;
			sourceTree = "<group>";
		};
/* End PBXGroup section */

/* Begin PBXNativeTarget section */
		E5D958EE252099CC00F420E9 /* QRCodeScanner */ = {
			isa = PBXNativeTarget;
			buildConfigurationList = E5D95906252099D200F420E9 /* Build configuration list for PBXNativeTarget "QRCodeScanner" */;
			buildPhases = (
				E5D958EB252099CC00F420E9 /* Sources */,
				E5D958EC252099CC00F420E9 /* Frameworks */,
				E5D958ED252099CC00F420E9 /* Resources */,
			);
			buildRules = (
			);
			dependencies = (
			);
			name = QRCodeScanner;
			packageProductDependencies = (
				E5C4749225263DF400ACD1AE /* RxSwift */,
				E5C4749425263DF400ACD1AE /* RxCocoa */,
			);
			productName = QRCodeScanner;
			productReference = E5D958EF252099CC00F420E9 /* QRCodeScanner.app */;
			productType = "com.apple.product-type.application";
		};
/* End PBXNativeTarget section */

/* Begin PBXProject section */
		E5D958E7252099CC00F420E9 /* Project object */ = {
			isa = PBXProject;
			attributes = {
				LastSwiftUpdateCheck = 1140;
				LastUpgradeCheck = 1140;
				ORGANIZATIONNAME = dmytrodurda;
				TargetAttributes = {
					E5D958EE252099CC00F420E9 = {
						CreatedOnToolsVersion = 11.4.1;
					};
				};
			};
			buildConfigurationList = E5D958EA252099CC00F420E9 /* Build configuration list for PBXProject "QRCodeScanner" */;
			compatibilityVersion = "Xcode 9.3";
			developmentRegion = en;
			hasScannedForEncodings = 0;
			knownRegions = (
				en,
				Base,
			);
			mainGroup = E5D958E6252099CC00F420E9;
			packageReferences = (
				E5C4749125263DF400ACD1AE /* XCRemoteSwiftPackageReference "RxSwift" */,
			);
			productRefGroup = E5D958F0252099CC00F420E9 /* Products */;
			projectDirPath = "";
			projectRoot = "";
			targets = (
				E5D958EE252099CC00F420E9 /* QRCodeScanner */,
			);
		};
/* End PBXProject section */

/* Begin PBXResourcesBuildPhase section */
		E5D958ED252099CC00F420E9 /* Resources */ = {
			isa = PBXResourcesBuildPhase;
			buildActionMask = 2147483647;
			files = (
				E5D95902252099D200F420E9 /* LaunchScreen.storyboard in Resources */,
				E5D958FF252099D200F420E9 /* Assets.xcassets in Resources */,
				E5D959322520A63D00F420E9 /* QRCodeDetailsViewController.xib in Resources */,
				E5D959342520A76700F420E9 /* Main.storyboard in Resources */,
			);
			runOnlyForDeploymentPostprocessing = 0;
		};
/* End PBXResourcesBuildPhase section */

/* Begin PBXSourcesBuildPhase section */
		E5D958EB252099CC00F420E9 /* Sources */ = {
			isa = PBXSourcesBuildPhase;
			buildActionMask = 2147483647;
			files = (
				E5D9592B2520A62800F420E9 /* ActionSheetViewController.swift in Sources */,
				E5D9592C2520A62800F420E9 /* ActionSheetPresentationController.swift in Sources */,
				E5D958F7252099CC00F420E9 /* QRCodeScannerViewController.swift in Sources */,
				E5D959392520D14B00F420E9 /* QRCodeCurrentDetailsViewModel.swift in Sources */,
				E5D9591025209D9300F420E9 /* GoogleImageResponse.swift in Sources */,
				E5D9593B2520DC5900F420E9 /* QRCodeDetailsViewModelProtocol.swift in Sources */,
				E5D959412520F3CB00F420E9 /* ImageValidator.swift in Sources */,
				E5D958F3252099CC00F420E9 /* AppDelegate.swift in Sources */,
				E5D959312520A63D00F420E9 /* QRCodeDetailsViewController.swift in Sources */,
				E5D9590F25209D9300F420E9 /* ImageLoader.swift in Sources */,
				E5D959362520AA2200F420E9 /* UIViewController+Additions.swift in Sources */,
				E5D9590E25209D9300F420E9 /* ImageLoaderError.swift in Sources */,
				E5D958FD252099CC00F420E9 /* QRCodeScanner.xcdatamodeld in Sources */,
				E5D958F5252099CC00F420E9 /* SceneDelegate.swift in Sources */,
			);
			runOnlyForDeploymentPostprocessing = 0;
		};
/* End PBXSourcesBuildPhase section */

/* Begin PBXVariantGroup section */
		E5D95900252099D200F420E9 /* LaunchScreen.storyboard */ = {
			isa = PBXVariantGroup;
			children = (
				E5D95901252099D200F420E9 /* Base */,
			);
			name = LaunchScreen.storyboard;
			sourceTree = "<group>";
		};
/* End PBXVariantGroup section */

/* Begin XCBuildConfiguration section */
		E5D95904252099D200F420E9 /* Debug */ = {
			isa = XCBuildConfiguration;
			buildSettings = {
				ALWAYS_SEARCH_USER_PATHS = NO;
				CLANG_ANALYZER_NONNULL = YES;
				CLANG_ANALYZER_NUMBER_OBJECT_CONVERSION = YES_AGGRESSIVE;
				CLANG_CXX_LANGUAGE_STANDARD = "gnu++14";
				CLANG_CXX_LIBRARY = "libc++";
				CLANG_ENABLE_MODULES = YES;
				CLANG_ENABLE_OBJC_ARC = YES;
				CLANG_ENABLE_OBJC_WEAK = YES;
				CLANG_WARN_BLOCK_CAPTURE_AUTORELEASING = YES;
				CLANG_WARN_BOOL_CONVERSION = YES;
				CLANG_WARN_COMMA = YES;
				CLANG_WARN_CONSTANT_CONVERSION = YES;
				CLANG_WARN_DEPRECATED_OBJC_IMPLEMENTATIONS = YES;
				CLANG_WARN_DIRECT_OBJC_ISA_USAGE = YES_ERROR;
				CLANG_WARN_DOCUMENTATION_COMMENTS = YES;
				CLANG_WARN_EMPTY_BODY = YES;
				CLANG_WARN_ENUM_CONVERSION = YES;
				CLANG_WARN_INFINITE_RECURSION = YES;
				CLANG_WARN_INT_CONVERSION = YES;
				CLANG_WARN_NON_LITERAL_NULL_CONVERSION = YES;
				CLANG_WARN_OBJC_IMPLICIT_RETAIN_SELF = YES;
				CLANG_WARN_OBJC_LITERAL_CONVERSION = YES;
				CLANG_WARN_OBJC_ROOT_CLASS = YES_ERROR;
				CLANG_WARN_RANGE_LOOP_ANALYSIS = YES;
				CLANG_WARN_STRICT_PROTOTYPES = YES;
				CLANG_WARN_SUSPICIOUS_MOVE = YES;
				CLANG_WARN_UNGUARDED_AVAILABILITY = YES_AGGRESSIVE;
				CLANG_WARN_UNREACHABLE_CODE = YES;
				CLANG_WARN__DUPLICATE_METHOD_MATCH = YES;
				COPY_PHASE_STRIP = NO;
				DEBUG_INFORMATION_FORMAT = dwarf;
				ENABLE_STRICT_OBJC_MSGSEND = YES;
				ENABLE_TESTABILITY = YES;
				GCC_C_LANGUAGE_STANDARD = gnu11;
				GCC_DYNAMIC_NO_PIC = NO;
				GCC_NO_COMMON_BLOCKS = YES;
				GCC_OPTIMIZATION_LEVEL = 0;
				GCC_PREPROCESSOR_DEFINITIONS = (
					"DEBUG=1",
					"$(inherited)",
				);
				GCC_WARN_64_TO_32_BIT_CONVERSION = YES;
				GCC_WARN_ABOUT_RETURN_TYPE = YES_ERROR;
				GCC_WARN_UNDECLARED_SELECTOR = YES;
				GCC_WARN_UNINITIALIZED_AUTOS = YES_AGGRESSIVE;
				GCC_WARN_UNUSED_FUNCTION = YES;
				GCC_WARN_UNUSED_VARIABLE = YES;
				IPHONEOS_DEPLOYMENT_TARGET = 13.4;
				MTL_ENABLE_DEBUG_INFO = INCLUDE_SOURCE;
				MTL_FAST_MATH = YES;
				ONLY_ACTIVE_ARCH = YES;
				SDKROOT = iphoneos;
				SWIFT_ACTIVE_COMPILATION_CONDITIONS = DEBUG;
				SWIFT_OPTIMIZATION_LEVEL = "-Onone";
			};
			name = Debug;
		};
		E5D95905252099D200F420E9 /* Release */ = {
			isa = XCBuildConfiguration;
			buildSettings = {
				ALWAYS_SEARCH_USER_PATHS = NO;
				CLANG_ANALYZER_NONNULL = YES;
				CLANG_ANALYZER_NUMBER_OBJECT_CONVERSION = YES_AGGRESSIVE;
				CLANG_CXX_LANGUAGE_STANDARD = "gnu++14";
				CLANG_CXX_LIBRARY = "libc++";
				CLANG_ENABLE_MODULES = YES;
				CLANG_ENABLE_OBJC_ARC = YES;
				CLANG_ENABLE_OBJC_WEAK = YES;
				CLANG_WARN_BLOCK_CAPTURE_AUTORELEASING = YES;
				CLANG_WARN_BOOL_CONVERSION = YES;
				CLANG_WARN_COMMA = YES;
				CLANG_WARN_CONSTANT_CONVERSION = YES;
				CLANG_WARN_DEPRECATED_OBJC_IMPLEMENTATIONS = YES;
				CLANG_WARN_DIRECT_OBJC_ISA_USAGE = YES_ERROR;
				CLANG_WARN_DOCUMENTATION_COMMENTS = YES;
				CLANG_WARN_EMPTY_BODY = YES;
				CLANG_WARN_ENUM_CONVERSION = YES;
				CLANG_WARN_INFINITE_RECURSION = YES;
				CLANG_WARN_INT_CONVERSION = YES;
				CLANG_WARN_NON_LITERAL_NULL_CONVERSION = YES;
				CLANG_WARN_OBJC_IMPLICIT_RETAIN_SELF = YES;
				CLANG_WARN_OBJC_LITERAL_CONVERSION = YES;
				CLANG_WARN_OBJC_ROOT_CLASS = YES_ERROR;
				CLANG_WARN_RANGE_LOOP_ANALYSIS = YES;
				CLANG_WARN_STRICT_PROTOTYPES = YES;
				CLANG_WARN_SUSPICIOUS_MOVE = YES;
				CLANG_WARN_UNGUARDED_AVAILABILITY = YES_AGGRESSIVE;
				CLANG_WARN_UNREACHABLE_CODE = YES;
				CLANG_WARN__DUPLICATE_METHOD_MATCH = YES;
				COPY_PHASE_STRIP = NO;
				DEBUG_INFORMATION_FORMAT = "dwarf-with-dsym";
				ENABLE_NS_ASSERTIONS = NO;
				ENABLE_STRICT_OBJC_MSGSEND = YES;
				GCC_C_LANGUAGE_STANDARD = gnu11;
				GCC_NO_COMMON_BLOCKS = YES;
				GCC_WARN_64_TO_32_BIT_CONVERSION = YES;
				GCC_WARN_ABOUT_RETURN_TYPE = YES_ERROR;
				GCC_WARN_UNDECLARED_SELECTOR = YES;
				GCC_WARN_UNINITIALIZED_AUTOS = YES_AGGRESSIVE;
				GCC_WARN_UNUSED_FUNCTION = YES;
				GCC_WARN_UNUSED_VARIABLE = YES;
				IPHONEOS_DEPLOYMENT_TARGET = 13.4;
				MTL_ENABLE_DEBUG_INFO = NO;
				MTL_FAST_MATH = YES;
				SDKROOT = iphoneos;
				SWIFT_COMPILATION_MODE = wholemodule;
				SWIFT_OPTIMIZATION_LEVEL = "-O";
				VALIDATE_PRODUCT = YES;
			};
			name = Release;
		};
		E5D95907252099D200F420E9 /* Debug */ = {
			isa = XCBuildConfiguration;
			buildSettings = {
				ASSETCATALOG_COMPILER_APPICON_NAME = AppIcon;
				CODE_SIGN_STYLE = Automatic;
				DEVELOPMENT_TEAM = Z6LBMH44RF;
				INFOPLIST_FILE = QRCodeScanner/Info.plist;
				LD_RUNPATH_SEARCH_PATHS = (
					"$(inherited)",
					"@executable_path/Frameworks",
				);
				PRODUCT_BUNDLE_IDENTIFIER = com.dmytrodurda.QRCodeScanner;
				PRODUCT_NAME = "$(TARGET_NAME)";
				SWIFT_VERSION = 5.0;
				TARGETED_DEVICE_FAMILY = "1,2";
			};
			name = Debug;
		};
		E5D95908252099D200F420E9 /* Release */ = {
			isa = XCBuildConfiguration;
			buildSettings = {
				ASSETCATALOG_COMPILER_APPICON_NAME = AppIcon;
				CODE_SIGN_STYLE = Automatic;
				DEVELOPMENT_TEAM = Z6LBMH44RF;
				INFOPLIST_FILE = QRCodeScanner/Info.plist;
				LD_RUNPATH_SEARCH_PATHS = (
					"$(inherited)",
					"@executable_path/Frameworks",
				);
				PRODUCT_BUNDLE_IDENTIFIER = com.dmytrodurda.QRCodeScanner;
				PRODUCT_NAME = "$(TARGET_NAME)";
				SWIFT_VERSION = 5.0;
				TARGETED_DEVICE_FAMILY = "1,2";
			};
			name = Release;
		};
/* End XCBuildConfiguration section */

/* Begin XCConfigurationList section */
		E5D958EA252099CC00F420E9 /* Build configuration list for PBXProject "QRCodeScanner" */ = {
			isa = XCConfigurationList;
			buildConfigurations = (
				E5D95904252099D200F420E9 /* Debug */,
				E5D95905252099D200F420E9 /* Release */,
			);
			defaultConfigurationIsVisible = 0;
			defaultConfigurationName = Release;
		};
		E5D95906252099D200F420E9 /* Build configuration list for PBXNativeTarget "QRCodeScanner" */ = {
			isa = XCConfigurationList;
			buildConfigurations = (
				E5D95907252099D200F420E9 /* Debug */,
				E5D95908252099D200F420E9 /* Release */,
			);
			defaultConfigurationIsVisible = 0;
			defaultConfigurationName = Release;
		};
/* End XCConfigurationList section */

/* Begin XCRemoteSwiftPackageReference section */
		E5C4749125263DF400ACD1AE /* XCRemoteSwiftPackageReference "RxSwift" */ = {
			isa = XCRemoteSwiftPackageReference;
			repositoryURL = "https://github.com/ReactiveX/RxSwift";
			requirement = {
				kind = upToNextMajorVersion;
				minimumVersion = 5.1.1;
			};
		};
/* End XCRemoteSwiftPackageReference section */

/* Begin XCSwiftPackageProductDependency section */
		E5C4749225263DF400ACD1AE /* RxSwift */ = {
			isa = XCSwiftPackageProductDependency;
			package = E5C4749125263DF400ACD1AE /* XCRemoteSwiftPackageReference "RxSwift" */;
			productName = RxSwift;
		};
		E5C4749425263DF400ACD1AE /* RxCocoa */ = {
			isa = XCSwiftPackageProductDependency;
			package = E5C4749125263DF400ACD1AE /* XCRemoteSwiftPackageReference "RxSwift" */;
			productName = RxCocoa;
		};
/* End XCSwiftPackageProductDependency section */

/* Begin XCVersionGroup section */
		E5D958FB252099CC00F420E9 /* QRCodeScanner.xcdatamodeld */ = {
			isa = XCVersionGroup;
			children = (
				E5D958FC252099CC00F420E9 /* QRCodeScanner.xcdatamodel */,
			);
			currentVersion = E5D958FC252099CC00F420E9 /* QRCodeScanner.xcdatamodel */;
			path = QRCodeScanner.xcdatamodeld;
			sourceTree = "<group>";
			versionGroupType = wrapper.xcdatamodel;
		};
/* End XCVersionGroup section */
	};
	rootObject = E5D958E7252099CC00F420E9 /* Project object */;
}
